PODS:
  - AFNetworking (3.1.0):
    - AFNetworking/NSURLSession (= 3.1.0)
    - AFNetworking/Reachability (= 3.1.0)
    - AFNetworking/Security (= 3.1.0)
    - AFNetworking/Serialization (= 3.1.0)
    - AFNetworking/UIKit (= 3.1.0)
  - AFNetworking/NSURLSession (3.1.0):
    - AFNetworking/Reachability
    - AFNetworking/Security
    - AFNetworking/Serialization
  - AFNetworking/Reachability (3.1.0)
  - AFNetworking/Security (3.1.0)
  - AFNetworking/Serialization (3.1.0)
  - AFNetworking/UIKit (3.1.0):
    - AFNetworking/NSURLSession
  - CardIO (5.3.2)
  - Moltin (1.1.5):
    - AFNetworking
  - SDWebImage (3.8.1):
    - SDWebImage/Core (= 3.8.1)
  - SDWebImage/Core (3.8.1)
  - SwiftSpinner (0.9.5)

DEPENDENCIES:
  - CardIO
  - Moltin
  - SDWebImage
  - SwiftSpinner

SPEC CHECKSUMS:
  AFNetworking: 5e0e199f73d8626b11e79750991f5d173d1f8b67
  CardIO: 92c45caef0d986c4a303a7afba0c9b76ff2b1f6e
  Moltin: 80fe95499216cf783c183bc56352b6b92a3e4836
  SDWebImage: 35f9627a3e44b4f292a8a8ce6a531fa488239b91
  SwiftSpinner: c6585a0ae5c67eb33e737695cce88f0262008cce

PODFILE CHECKSUM: bc28f2d963f5c6f463bf4147c8972be8a1d2ba78

COCOAPODS: 1.0.1
